
Microsoft Visual Studio Solution File, Format Version 12.00
Project("{FAE04EC0-301F-11D3-BF4B-00C04F79EFBC}") = "ConsoleApp1", "ConsoleApp1\ConsoleApp1.csproj", "{554F25FC-6034-4616-8C93-26260B6E5302}"
EndProject
Project("{FAE04EC0-301F-11D3-BF4B-00C04F79EFBC}") = "Everything", "Everything\Everything.csproj", "{E4A58E4B-728B-463F-816B-35C94702DC4C}"
EndProject
Global
	GlobalSection(SolutionConfigurationPlatforms) = preSolution
		Debug|Any CPU = Debug|Any CPU
		Release|Any CPU = Release|Any CPU
	EndGlobalSection
	GlobalSection(ProjectConfigurationPlatforms) = postSolution
		{554F25FC-6034-4616-8C93-26260B6E5302}.Debug|Any CPU.ActiveCfg = Debug|Any CPU
		{554F25FC-6034-4616-8C93-26260B6E5302}.Debug|Any CPU.Build.0 = Debug|Any CPU
		{554F25FC-6034-4616-8C93-26260B6E5302}.Release|Any CPU.ActiveCfg = Release|Any CPU
		{554F25FC-6034-4616-8C93-26260B6E5302}.Release|Any CPU.Build.0 = Release|Any CPU
		{E4A58E4B-728B-463F-816B-35C94702DC4C}.Debug|Any CPU.ActiveCfg = Debug|Any CPU
		{E4A58E4B-728B-463F-816B-35C94702DC4C}.Debug|Any CPU.Build.0 = Debug|Any CPU
		{E4A58E4B-728B-463F-816B-35C94702DC4C}.Release|Any CPU.ActiveCfg = Release|Any CPU
		{E4A58E4B-728B-463F-816B-35C94702DC4C}.Release|Any CPU.Build.0 = Release|Any CPU
	EndGlobalSection
EndGlobal
